<?xml version="1.0" encoding="utf-8"?>
<Project ToolsVersion="4.0" xmlns="http://schemas.microsoft.com/developer/msbuild/2003">
  <ItemGroup>
    <Filter Include="YTE">
      <UniqueIdentifier>{f72f2c06-6405-41f9-846d-406d17a0db56}</UniqueIdentifier>
    </Filter>
    <Filter Include="YTE\Platform">
      <UniqueIdentifier>{c55f6742-5c52-496f-856e-cd54c3300b36}</UniqueIdentifier>
    </Filter>
    <Filter Include="YTE\Core">
      <UniqueIdentifier>{2e31915d-c541-4cf0-9f6e-806b1a620003}</UniqueIdentifier>
    </Filter>
    <Filter Include="YTE\Platform\Windows">
      <UniqueIdentifier>{7724504c-a1a2-4db3-a951-6dbd0b359321}</UniqueIdentifier>
    </Filter>
    <Filter Include="Dependencies">
      <UniqueIdentifier>{2c0f97df-cb4a-45a8-a857-acf81ed9da6d}</UniqueIdentifier>
    </Filter>
    <Filter Include="YTE\DataStructures">
      <UniqueIdentifier>{853b4ebc-28d3-4e3c-95c5-44e20c16a92a}</UniqueIdentifier>
    </Filter>
    <Filter Include="YTE\Graphics">
      <UniqueIdentifier>{c2944e9d-d8a7-4417-9230-6ceff878107a}</UniqueIdentifier>
    </Filter>
    <Filter Include="Dependencies\vulkan">
      <UniqueIdentifier>{2c7b7735-4efd-4196-be92-e8a9cf753c7d}</UniqueIdentifier>
    </Filter>
    <Filter Include="Dependencies\glm">
      <UniqueIdentifier>{ed75d060-e8b7-4764-9556-7844d80d1739}</UniqueIdentifier>
    </Filter>
    <Filter Include="Dependencies\glm\detail">
      <UniqueIdentifier>{1ca4658a-74bf-4eca-8ba8-61bee0ed6c62}</UniqueIdentifier>
    </Filter>
    <Filter Include="Dependencies\glm\gtc">
      <UniqueIdentifier>{112f8b09-5d45-43c9-bec9-032cbfa46ae5}</UniqueIdentifier>
    </Filter>
    <Filter Include="Dependencies\glm\gtx">
      <UniqueIdentifier>{4122e75b-c54f-4777-9d89-9a6476b7f762}</UniqueIdentifier>
    </Filter>
    <Filter Include="Dependencies\vulkan\vulkan">
      <UniqueIdentifier>{8d12eea3-2e89-43f1-bc7b-00266477e0b6}</UniqueIdentifier>
    </Filter>
    <Filter Include="Dependencies\stb">
      <UniqueIdentifier>{65370178-4607-48d1-997c-290e1fa7e31f}</UniqueIdentifier>
    </Filter>
    <Filter Include="YTE\Audio">
      <UniqueIdentifier>{9a8d6a2c-bbf5-4242-aad8-d295bbd05ee6}</UniqueIdentifier>
    </Filter>
    <Filter Include="Dependencies\gorilla">
      <UniqueIdentifier>{bed9b688-5afe-43b3-b769-5c021cd32505}</UniqueIdentifier>
    </Filter>
    <Filter Include="Dependencies\gorilla\common">
      <UniqueIdentifier>{3ab8ac2b-74aa-4431-ad3d-f520e1360e01}</UniqueIdentifier>
    </Filter>
    <Filter Include="Dependencies\gorilla\devices">
      <UniqueIdentifier>{fc6388cc-f372-4ef9-9e70-537fee801a73}</UniqueIdentifier>
    </Filter>
    <Filter Include="YTE\Reflection">
      <UniqueIdentifier>{071d419b-032e-44be-b113-f36f571edb78}</UniqueIdentifier>
    </Filter>
    <Filter Include="Dependencies\constexpr">
      <UniqueIdentifier>{316b7e42-ebc3-4a91-bc49-8477b5896a34}</UniqueIdentifier>
    </Filter>
    <Filter Include="YTE\StandardLibrary">
      <UniqueIdentifier>{91b3e075-c75a-402c-8b03-b49aa3ff74e0}</UniqueIdentifier>
    </Filter>
  </ItemGroup>
  <ItemGroup>
    <ClCompile Include="main.cpp" />
    <ClCompile Include="YTE\Core\Engine.cpp">
      <Filter>YTE\Core</Filter>
    </ClCompile>
    <ClCompile Include="YTE\Platform\Keyboard.cpp">
      <Filter>YTE\Platform</Filter>
    </ClCompile>
    <ClCompile Include="YTE\Platform\Windows\Keyboard_Windows.cpp">
      <Filter>YTE\Platform\Windows</Filter>
    </ClCompile>
    <ClCompile Include="YTE\Platform\Windows\Window_Windows.cpp">
      <Filter>YTE\Platform\Windows</Filter>
    </ClCompile>
    <ClCompile Include="YTE\Graphics\GraphicsSystem.cpp">
      <Filter>YTE\Graphics</Filter>
    </ClCompile>
    <ClCompile Include="YTE\Platform\Window.cpp">
      <Filter>YTE\Platform</Filter>
    </ClCompile>
    <ClCompile Include="Dependencies\vulkan\vulkan\vkel.c">
      <Filter>Dependencies\vulkan\vulkan</Filter>
    </ClCompile>
    <ClCompile Include="YTE\Graphics\Mesh.cpp">
      <Filter>YTE\Graphics</Filter>
    </ClCompile>
    <ClCompile Include="YTE\Graphics\MeshLoader.cpp">
      <Filter>YTE\Graphics</Filter>
    </ClCompile>
    <ClCompile Include="YTE\Graphics\VulkanContext.cpp">
      <Filter>YTE\Graphics</Filter>
    </ClCompile>
    <ClCompile Include="YTE\Core\Component.cpp">
      <Filter>YTE\Core</Filter>
    </ClCompile>
    <ClCompile Include="YTE\Core\Composition.cpp">
      <Filter>YTE\Core</Filter>
    </ClCompile>
    <ClCompile Include="YTE\Graphics\TextureLoader.cpp">
      <Filter>YTE\Graphics</Filter>
    </ClCompile>
    <ClCompile Include="Dependencies\stb\stb_image.cpp">
      <Filter>Dependencies\stb</Filter>
    </ClCompile>
    <ClCompile Include="YTE\Audio\AudioSystem.cpp">
      <Filter>YTE\Audio</Filter>
    </ClCompile>
    <ClCompile Include="YTE\Core\EventHandler.cpp">
      <Filter>YTE\Core</Filter>
    </ClCompile>
    <ClCompile Include="YTE\Graphics\Shader.cpp">
      <Filter>YTE\Graphics</Filter>
    </ClCompile>
    <ClCompile Include="YTE\Graphics\Instance.cpp">
      <Filter>YTE\Graphics</Filter>
    </ClCompile>
    <ClCompile Include="YTE\Graphics\Material.cpp">
      <Filter>YTE\Graphics</Filter>
    </ClCompile>
  </ItemGroup>
  <ItemGroup>
    <ClInclude Include="YTE\Core\Engine.hpp">
      <Filter>YTE\Core</Filter>
    </ClInclude>
    <ClInclude Include="YTE\Core\ForwardDeclarations.hpp">
      <Filter>YTE\Core</Filter>
    </ClInclude>
    <ClInclude Include="YTE\Core\PrivateImplementation.hpp">
      <Filter>YTE\Core</Filter>
    </ClInclude>
    <ClInclude Include="YTE\Core\TargetDefinitions.hpp">
      <Filter>YTE\Core</Filter>
    </ClInclude>
    <ClInclude Include="YTE\Core\Types.hpp">
      <Filter>YTE\Core</Filter>
    </ClInclude>
    <ClInclude Include="YTE\Platform\Gamepad.hpp">
      <Filter>YTE\Platform</Filter>
    </ClInclude>
    <ClInclude Include="YTE\Platform\GamepadSystem.hpp">
      <Filter>YTE\Platform</Filter>
    </ClInclude>
    <ClInclude Include="YTE\Platform\Keyboard.hpp">
      <Filter>YTE\Platform</Filter>
    </ClInclude>
    <ClInclude Include="YTE\Platform\Mouse.hpp">
      <Filter>YTE\Platform</Filter>
    </ClInclude>
    <ClInclude Include="YTE\Platform\Window.hpp">
      <Filter>YTE\Platform</Filter>
    </ClInclude>
    <ClInclude Include="YTE\Platform\Windows\WindowData_Windows.hpp">
      <Filter>YTE\Platform\Windows</Filter>
    </ClInclude>
    <ClInclude Include="YTE\Platform\Windows\KeyCodes_Windows.hpp">
      <Filter>YTE\Platform\Windows</Filter>
    </ClInclude>
    <ClInclude Include="YTE\Platform\KeyCodes.hpp">
      <Filter>YTE\Platform</Filter>
    </ClInclude>
    <ClInclude Include="YTE\Graphics\GraphicsSystem.hpp">
      <Filter>YTE\Graphics</Filter>
    </ClInclude>
    <ClInclude Include="YTE\DataStructures\UniqueHandle.hpp">
      <Filter>YTE\DataStructures</Filter>
    </ClInclude>
    <ClInclude Include="YTE\Platform\ForwardDeclarations.hpp">
      <Filter>YTE\Platform</Filter>
    </ClInclude>
    <ClInclude Include="Dependencies\glm\common.hpp">
      <Filter>Dependencies\glm</Filter>
    </ClInclude>
    <ClInclude Include="Dependencies\glm\exponential.hpp">
      <Filter>Dependencies\glm</Filter>
    </ClInclude>
    <ClInclude Include="Dependencies\glm\ext.hpp">
      <Filter>Dependencies\glm</Filter>
    </ClInclude>
    <ClInclude Include="Dependencies\glm\fwd.hpp">
      <Filter>Dependencies\glm</Filter>
    </ClInclude>
    <ClInclude Include="Dependencies\glm\geometric.hpp">
      <Filter>Dependencies\glm</Filter>
    </ClInclude>
    <ClInclude Include="Dependencies\glm\glm.hpp">
      <Filter>Dependencies\glm</Filter>
    </ClInclude>
    <ClInclude Include="Dependencies\glm\integer.hpp">
      <Filter>Dependencies\glm</Filter>
    </ClInclude>
    <ClInclude Include="Dependencies\glm\mat2x2.hpp">
      <Filter>Dependencies\glm</Filter>
    </ClInclude>
    <ClInclude Include="Dependencies\glm\mat2x3.hpp">
      <Filter>Dependencies\glm</Filter>
    </ClInclude>
    <ClInclude Include="Dependencies\glm\mat2x4.hpp">
      <Filter>Dependencies\glm</Filter>
    </ClInclude>
    <ClInclude Include="Dependencies\glm\mat3x2.hpp">
      <Filter>Dependencies\glm</Filter>
    </ClInclude>
    <ClInclude Include="Dependencies\glm\mat3x3.hpp">
      <Filter>Dependencies\glm</Filter>
    </ClInclude>
    <ClInclude Include="Dependencies\glm\mat3x4.hpp">
      <Filter>Dependencies\glm</Filter>
    </ClInclude>
    <ClInclude Include="Dependencies\glm\mat4x2.hpp">
      <Filter>Dependencies\glm</Filter>
    </ClInclude>
    <ClInclude Include="Dependencies\glm\mat4x3.hpp">
      <Filter>Dependencies\glm</Filter>
    </ClInclude>
    <ClInclude Include="Dependencies\glm\mat4x4.hpp">
      <Filter>Dependencies\glm</Filter>
    </ClInclude>
    <ClInclude Include="Dependencies\glm\matrix.hpp">
      <Filter>Dependencies\glm</Filter>
    </ClInclude>
    <ClInclude Include="Dependencies\glm\packing.hpp">
      <Filter>Dependencies\glm</Filter>
    </ClInclude>
    <ClInclude Include="Dependencies\glm\trigonometric.hpp">
      <Filter>Dependencies\glm</Filter>
    </ClInclude>
    <ClInclude Include="Dependencies\glm\vec2.hpp">
      <Filter>Dependencies\glm</Filter>
    </ClInclude>
    <ClInclude Include="Dependencies\glm\vec3.hpp">
      <Filter>Dependencies\glm</Filter>
    </ClInclude>
    <ClInclude Include="Dependencies\glm\vec4.hpp">
      <Filter>Dependencies\glm</Filter>
    </ClInclude>
    <ClInclude Include="Dependencies\glm\vector_relational.hpp">
      <Filter>Dependencies\glm</Filter>
    </ClInclude>
    <ClInclude Include="Dependencies\glm\gtx\associated_min_max.hpp">
      <Filter>Dependencies\glm\gtx</Filter>
    </ClInclude>
    <ClInclude Include="Dependencies\glm\gtx\bit.hpp">
      <Filter>Dependencies\glm\gtx</Filter>
    </ClInclude>
    <ClInclude Include="Dependencies\glm\gtx\closest_point.hpp">
      <Filter>Dependencies\glm\gtx</Filter>
    </ClInclude>
    <ClInclude Include="Dependencies\glm\gtx\color_space.hpp">
      <Filter>Dependencies\glm\gtx</Filter>
    </ClInclude>
    <ClInclude Include="Dependencies\glm\gtx\color_space_YCoCg.hpp">
      <Filter>Dependencies\glm\gtx</Filter>
    </ClInclude>
    <ClInclude Include="Dependencies\glm\gtx\common.hpp">
      <Filter>Dependencies\glm\gtx</Filter>
    </ClInclude>
    <ClInclude Include="Dependencies\glm\gtx\compatibility.hpp">
      <Filter>Dependencies\glm\gtx</Filter>
    </ClInclude>
    <ClInclude Include="Dependencies\glm\gtx\component_wise.hpp">
      <Filter>Dependencies\glm\gtx</Filter>
    </ClInclude>
    <ClInclude Include="Dependencies\glm\gtx\dual_quaternion.hpp">
      <Filter>Dependencies\glm\gtx</Filter>
    </ClInclude>
    <ClInclude Include="Dependencies\glm\gtx\euler_angles.hpp">
      <Filter>Dependencies\glm\gtx</Filter>
    </ClInclude>
    <ClInclude Include="Dependencies\glm\gtx\extend.hpp">
      <Filter>Dependencies\glm\gtx</Filter>
    </ClInclude>
    <ClInclude Include="Dependencies\glm\gtx\extented_min_max.hpp">
      <Filter>Dependencies\glm\gtx</Filter>
    </ClInclude>
    <ClInclude Include="Dependencies\glm\gtx\fast_exponential.hpp">
      <Filter>Dependencies\glm\gtx</Filter>
    </ClInclude>
    <ClInclude Include="Dependencies\glm\gtx\fast_square_root.hpp">
      <Filter>Dependencies\glm\gtx</Filter>
    </ClInclude>
    <ClInclude Include="Dependencies\glm\gtx\fast_trigonometry.hpp">
      <Filter>Dependencies\glm\gtx</Filter>
    </ClInclude>
    <ClInclude Include="Dependencies\glm\gtx\gradient_paint.hpp">
      <Filter>Dependencies\glm\gtx</Filter>
    </ClInclude>
    <ClInclude Include="Dependencies\glm\gtx\handed_coordinate_space.hpp">
      <Filter>Dependencies\glm\gtx</Filter>
    </ClInclude>
    <ClInclude Include="Dependencies\glm\gtx\hash.hpp">
      <Filter>Dependencies\glm\gtx</Filter>
    </ClInclude>
    <ClInclude Include="Dependencies\glm\gtx\integer.hpp">
      <Filter>Dependencies\glm\gtx</Filter>
    </ClInclude>
    <ClInclude Include="Dependencies\glm\gtx\intersect.hpp">
      <Filter>Dependencies\glm\gtx</Filter>
    </ClInclude>
    <ClInclude Include="Dependencies\glm\gtx\io.hpp">
      <Filter>Dependencies\glm\gtx</Filter>
    </ClInclude>
    <ClInclude Include="Dependencies\glm\gtx\log_base.hpp">
      <Filter>Dependencies\glm\gtx</Filter>
    </ClInclude>
    <ClInclude Include="Dependencies\glm\gtx\matrix_cross_product.hpp">
      <Filter>Dependencies\glm\gtx</Filter>
    </ClInclude>
    <ClInclude Include="Dependencies\glm\gtx\matrix_decompose.hpp">
      <Filter>Dependencies\glm\gtx</Filter>
    </ClInclude>
    <ClInclude Include="Dependencies\glm\gtx\matrix_interpolation.hpp">
      <Filter>Dependencies\glm\gtx</Filter>
    </ClInclude>
    <ClInclude Include="Dependencies\glm\gtx\matrix_major_storage.hpp">
      <Filter>Dependencies\glm\gtx</Filter>
    </ClInclude>
    <ClInclude Include="Dependencies\glm\gtx\matrix_operation.hpp">
      <Filter>Dependencies\glm\gtx</Filter>
    </ClInclude>
    <ClInclude Include="Dependencies\glm\gtx\matrix_query.hpp">
      <Filter>Dependencies\glm\gtx</Filter>
    </ClInclude>
    <ClInclude Include="Dependencies\glm\gtx\matrix_transform_2d.hpp">
      <Filter>Dependencies\glm\gtx</Filter>
    </ClInclude>
    <ClInclude Include="Dependencies\glm\gtx\mixed_product.hpp">
      <Filter>Dependencies\glm\gtx</Filter>
    </ClInclude>
    <ClInclude Include="Dependencies\glm\gtx\norm.hpp">
      <Filter>Dependencies\glm\gtx</Filter>
    </ClInclude>
    <ClInclude Include="Dependencies\glm\gtx\normal.hpp">
      <Filter>Dependencies\glm\gtx</Filter>
    </ClInclude>
    <ClInclude Include="Dependencies\glm\gtx\normalize_dot.hpp">
      <Filter>Dependencies\glm\gtx</Filter>
    </ClInclude>
    <ClInclude Include="Dependencies\glm\gtx\number_precision.hpp">
      <Filter>Dependencies\glm\gtx</Filter>
    </ClInclude>
    <ClInclude Include="Dependencies\glm\gtx\optimum_pow.hpp">
      <Filter>Dependencies\glm\gtx</Filter>
    </ClInclude>
    <ClInclude Include="Dependencies\glm\gtx\orthonormalize.hpp">
      <Filter>Dependencies\glm\gtx</Filter>
    </ClInclude>
    <ClInclude Include="Dependencies\glm\gtx\perpendicular.hpp">
      <Filter>Dependencies\glm\gtx</Filter>
    </ClInclude>
    <ClInclude Include="Dependencies\glm\gtx\polar_coordinates.hpp">
      <Filter>Dependencies\glm\gtx</Filter>
    </ClInclude>
    <ClInclude Include="Dependencies\glm\gtx\projection.hpp">
      <Filter>Dependencies\glm\gtx</Filter>
    </ClInclude>
    <ClInclude Include="Dependencies\glm\gtx\quaternion.hpp">
      <Filter>Dependencies\glm\gtx</Filter>
    </ClInclude>
    <ClInclude Include="Dependencies\glm\gtx\range.hpp">
      <Filter>Dependencies\glm\gtx</Filter>
    </ClInclude>
    <ClInclude Include="Dependencies\glm\gtx\raw_data.hpp">
      <Filter>Dependencies\glm\gtx</Filter>
    </ClInclude>
    <ClInclude Include="Dependencies\glm\gtx\rotate_normalized_axis.hpp">
      <Filter>Dependencies\glm\gtx</Filter>
    </ClInclude>
    <ClInclude Include="Dependencies\glm\gtx\rotate_vector.hpp">
      <Filter>Dependencies\glm\gtx</Filter>
    </ClInclude>
    <ClInclude Include="Dependencies\glm\gtx\scalar_multiplication.hpp">
      <Filter>Dependencies\glm\gtx</Filter>
    </ClInclude>
    <ClInclude Include="Dependencies\glm\gtx\scalar_relational.hpp">
      <Filter>Dependencies\glm\gtx</Filter>
    </ClInclude>
    <ClInclude Include="Dependencies\glm\gtx\simd_mat4.hpp">
      <Filter>Dependencies\glm\gtx</Filter>
    </ClInclude>
    <ClInclude Include="Dependencies\glm\gtx\simd_quat.hpp">
      <Filter>Dependencies\glm\gtx</Filter>
    </ClInclude>
    <ClInclude Include="Dependencies\glm\gtx\simd_vec4.hpp">
      <Filter>Dependencies\glm\gtx</Filter>
    </ClInclude>
    <ClInclude Include="Dependencies\glm\gtx\spline.hpp">
      <Filter>Dependencies\glm\gtx</Filter>
    </ClInclude>
    <ClInclude Include="Dependencies\glm\gtx\std_based_type.hpp">
      <Filter>Dependencies\glm\gtx</Filter>
    </ClInclude>
    <ClInclude Include="Dependencies\glm\gtx\string_cast.hpp">
      <Filter>Dependencies\glm\gtx</Filter>
    </ClInclude>
    <ClInclude Include="Dependencies\glm\gtx\transform.hpp">
      <Filter>Dependencies\glm\gtx</Filter>
    </ClInclude>
    <ClInclude Include="Dependencies\glm\gtx\transform2.hpp">
      <Filter>Dependencies\glm\gtx</Filter>
    </ClInclude>
    <ClInclude Include="Dependencies\glm\gtx\type_aligned.hpp">
      <Filter>Dependencies\glm\gtx</Filter>
    </ClInclude>
    <ClInclude Include="Dependencies\glm\gtx\vector_angle.hpp">
      <Filter>Dependencies\glm\gtx</Filter>
    </ClInclude>
    <ClInclude Include="Dependencies\glm\gtx\vector_query.hpp">
      <Filter>Dependencies\glm\gtx</Filter>
    </ClInclude>
    <ClInclude Include="Dependencies\glm\gtx\wrap.hpp">
      <Filter>Dependencies\glm\gtx</Filter>
    </ClInclude>
    <ClInclude Include="Dependencies\glm\gtc\bitfield.hpp">
      <Filter>Dependencies\glm\gtc</Filter>
    </ClInclude>
    <ClInclude Include="Dependencies\glm\gtc\color_space.hpp">
      <Filter>Dependencies\glm\gtc</Filter>
    </ClInclude>
    <ClInclude Include="Dependencies\glm\gtc\constants.hpp">
      <Filter>Dependencies\glm\gtc</Filter>
    </ClInclude>
    <ClInclude Include="Dependencies\glm\gtc\epsilon.hpp">
      <Filter>Dependencies\glm\gtc</Filter>
    </ClInclude>
    <ClInclude Include="Dependencies\glm\gtc\integer.hpp">
      <Filter>Dependencies\glm\gtc</Filter>
    </ClInclude>
    <ClInclude Include="Dependencies\glm\gtc\matrix_access.hpp">
      <Filter>Dependencies\glm\gtc</Filter>
    </ClInclude>
    <ClInclude Include="Dependencies\glm\gtc\matrix_integer.hpp">
      <Filter>Dependencies\glm\gtc</Filter>
    </ClInclude>
    <ClInclude Include="Dependencies\glm\gtc\matrix_inverse.hpp">
      <Filter>Dependencies\glm\gtc</Filter>
    </ClInclude>
    <ClInclude Include="Dependencies\glm\gtc\matrix_transform.hpp">
      <Filter>Dependencies\glm\gtc</Filter>
    </ClInclude>
    <ClInclude Include="Dependencies\glm\gtc\noise.hpp">
      <Filter>Dependencies\glm\gtc</Filter>
    </ClInclude>
    <ClInclude Include="Dependencies\glm\gtc\packing.hpp">
      <Filter>Dependencies\glm\gtc</Filter>
    </ClInclude>
    <ClInclude Include="Dependencies\glm\gtc\quaternion.hpp">
      <Filter>Dependencies\glm\gtc</Filter>
    </ClInclude>
    <ClInclude Include="Dependencies\glm\gtc\random.hpp">
      <Filter>Dependencies\glm\gtc</Filter>
    </ClInclude>
    <ClInclude Include="Dependencies\glm\gtc\reciprocal.hpp">
      <Filter>Dependencies\glm\gtc</Filter>
    </ClInclude>
    <ClInclude Include="Dependencies\glm\gtc\round.hpp">
      <Filter>Dependencies\glm\gtc</Filter>
    </ClInclude>
    <ClInclude Include="Dependencies\glm\gtc\type_precision.hpp">
      <Filter>Dependencies\glm\gtc</Filter>
    </ClInclude>
    <ClInclude Include="Dependencies\glm\gtc\type_ptr.hpp">
      <Filter>Dependencies\glm\gtc</Filter>
    </ClInclude>
    <ClInclude Include="Dependencies\glm\gtc\ulp.hpp">
      <Filter>Dependencies\glm\gtc</Filter>
    </ClInclude>
    <ClInclude Include="Dependencies\glm\gtc\vec1.hpp">
      <Filter>Dependencies\glm\gtc</Filter>
    </ClInclude>
    <ClInclude Include="Dependencies\glm\detail\func_common.hpp">
      <Filter>Dependencies\glm\detail</Filter>
    </ClInclude>
    <ClInclude Include="Dependencies\glm\detail\func_exponential.hpp">
      <Filter>Dependencies\glm\detail</Filter>
    </ClInclude>
    <ClInclude Include="Dependencies\glm\detail\func_geometric.hpp">
      <Filter>Dependencies\glm\detail</Filter>
    </ClInclude>
    <ClInclude Include="Dependencies\glm\detail\func_integer.hpp">
      <Filter>Dependencies\glm\detail</Filter>
    </ClInclude>
    <ClInclude Include="Dependencies\glm\detail\func_matrix.hpp">
      <Filter>Dependencies\glm\detail</Filter>
    </ClInclude>
    <ClInclude Include="Dependencies\glm\detail\func_packing.hpp">
      <Filter>Dependencies\glm\detail</Filter>
    </ClInclude>
    <ClInclude Include="Dependencies\glm\detail\func_trigonometric.hpp">
      <Filter>Dependencies\glm\detail</Filter>
    </ClInclude>
    <ClInclude Include="Dependencies\glm\detail\func_vector_relational.hpp">
      <Filter>Dependencies\glm\detail</Filter>
    </ClInclude>
    <ClInclude Include="Dependencies\glm\detail\intrinsic_common.hpp">
      <Filter>Dependencies\glm\detail</Filter>
    </ClInclude>
    <ClInclude Include="Dependencies\glm\detail\intrinsic_exponential.hpp">
      <Filter>Dependencies\glm\detail</Filter>
    </ClInclude>
    <ClInclude Include="Dependencies\glm\detail\intrinsic_geometric.hpp">
      <Filter>Dependencies\glm\detail</Filter>
    </ClInclude>
    <ClInclude Include="Dependencies\glm\detail\intrinsic_integer.hpp">
      <Filter>Dependencies\glm\detail</Filter>
    </ClInclude>
    <ClInclude Include="Dependencies\glm\detail\intrinsic_matrix.hpp">
      <Filter>Dependencies\glm\detail</Filter>
    </ClInclude>
    <ClInclude Include="Dependencies\glm\detail\intrinsic_trigonometric.hpp">
      <Filter>Dependencies\glm\detail</Filter>
    </ClInclude>
    <ClInclude Include="Dependencies\glm\detail\intrinsic_vector_relational.hpp">
      <Filter>Dependencies\glm\detail</Filter>
    </ClInclude>
    <ClInclude Include="Dependencies\glm\detail\precision.hpp">
      <Filter>Dependencies\glm\detail</Filter>
    </ClInclude>
    <ClInclude Include="Dependencies\glm\detail\setup.hpp">
      <Filter>Dependencies\glm\detail</Filter>
    </ClInclude>
    <ClInclude Include="Dependencies\glm\detail\type_float.hpp">
      <Filter>Dependencies\glm\detail</Filter>
    </ClInclude>
    <ClInclude Include="Dependencies\glm\detail\type_gentype.hpp">
      <Filter>Dependencies\glm\detail</Filter>
    </ClInclude>
    <ClInclude Include="Dependencies\glm\detail\type_half.hpp">
      <Filter>Dependencies\glm\detail</Filter>
    </ClInclude>
    <ClInclude Include="Dependencies\glm\detail\type_int.hpp">
      <Filter>Dependencies\glm\detail</Filter>
    </ClInclude>
    <ClInclude Include="Dependencies\glm\detail\type_mat.hpp">
      <Filter>Dependencies\glm\detail</Filter>
    </ClInclude>
    <ClInclude Include="Dependencies\glm\detail\type_mat2x2.hpp">
      <Filter>Dependencies\glm\detail</Filter>
    </ClInclude>
    <ClInclude Include="Dependencies\glm\detail\type_mat2x3.hpp">
      <Filter>Dependencies\glm\detail</Filter>
    </ClInclude>
    <ClInclude Include="Dependencies\glm\detail\type_mat2x4.hpp">
      <Filter>Dependencies\glm\detail</Filter>
    </ClInclude>
    <ClInclude Include="Dependencies\glm\detail\type_mat3x2.hpp">
      <Filter>Dependencies\glm\detail</Filter>
    </ClInclude>
    <ClInclude Include="Dependencies\glm\detail\type_mat3x3.hpp">
      <Filter>Dependencies\glm\detail</Filter>
    </ClInclude>
    <ClInclude Include="Dependencies\glm\detail\type_mat3x4.hpp">
      <Filter>Dependencies\glm\detail</Filter>
    </ClInclude>
    <ClInclude Include="Dependencies\glm\detail\type_mat4x2.hpp">
      <Filter>Dependencies\glm\detail</Filter>
    </ClInclude>
    <ClInclude Include="Dependencies\glm\detail\type_mat4x3.hpp">
      <Filter>Dependencies\glm\detail</Filter>
    </ClInclude>
    <ClInclude Include="Dependencies\glm\detail\type_mat4x4.hpp">
      <Filter>Dependencies\glm\detail</Filter>
    </ClInclude>
    <ClInclude Include="Dependencies\glm\detail\type_vec.hpp">
      <Filter>Dependencies\glm\detail</Filter>
    </ClInclude>
    <ClInclude Include="Dependencies\glm\detail\type_vec1.hpp">
      <Filter>Dependencies\glm\detail</Filter>
    </ClInclude>
    <ClInclude Include="Dependencies\glm\detail\type_vec2.hpp">
      <Filter>Dependencies\glm\detail</Filter>
    </ClInclude>
    <ClInclude Include="Dependencies\glm\detail\type_vec3.hpp">
      <Filter>Dependencies\glm\detail</Filter>
    </ClInclude>
    <ClInclude Include="Dependencies\glm\detail\type_vec4.hpp">
      <Filter>Dependencies\glm\detail</Filter>
    </ClInclude>
    <ClInclude Include="Dependencies\glm\detail\_features.hpp">
      <Filter>Dependencies\glm\detail</Filter>
    </ClInclude>
    <ClInclude Include="Dependencies\glm\detail\_fixes.hpp">
      <Filter>Dependencies\glm\detail</Filter>
    </ClInclude>
    <ClInclude Include="Dependencies\glm\detail\_noise.hpp">
      <Filter>Dependencies\glm\detail</Filter>
    </ClInclude>
    <ClInclude Include="Dependencies\glm\detail\_swizzle.hpp">
      <Filter>Dependencies\glm\detail</Filter>
    </ClInclude>
    <ClInclude Include="Dependencies\glm\detail\_swizzle_func.hpp">
      <Filter>Dependencies\glm\detail</Filter>
    </ClInclude>
    <ClInclude Include="Dependencies\glm\detail\_vectorize.hpp">
      <Filter>Dependencies\glm\detail</Filter>
    </ClInclude>
    <ClInclude Include="Dependencies\vulkan\vulkan\vk_cpp.hpp">
      <Filter>Dependencies\vulkan\vulkan</Filter>
    </ClInclude>
    <ClInclude Include="Dependencies\vulkan\vulkan\vk_platform.h">
      <Filter>Dependencies\vulkan\vulkan</Filter>
    </ClInclude>
    <ClInclude Include="Dependencies\vulkan\vulkan\vkel.h">
      <Filter>Dependencies\vulkan\vulkan</Filter>
    </ClInclude>
    <ClInclude Include="Dependencies\vulkan\vulkan\vulkan.h">
      <Filter>Dependencies\vulkan\vulkan</Filter>
    </ClInclude>
    <ClInclude Include="Dependencies\stb\stb_image.h">
      <Filter>Dependencies\stb</Filter>
    </ClInclude>
    <ClInclude Include="YTE\Graphics\Mesh.hpp">
      <Filter>YTE\Graphics</Filter>
    </ClInclude>
    <ClInclude Include="YTE\Graphics\Vertex.hpp">
      <Filter>YTE\Graphics</Filter>
    </ClInclude>
    <ClInclude Include="YTE\Graphics\MeshLoader.hpp">
      <Filter>YTE\Graphics</Filter>
    </ClInclude>
    <ClInclude Include="YTE\Graphics\TextureLoader.hpp">
      <Filter>YTE\Graphics</Filter>
    </ClInclude>
    <ClInclude Include="YTE\Graphics\VulkanContext.hpp">
      <Filter>YTE\Graphics</Filter>
    </ClInclude>
    <ClInclude Include="YTE\Graphics\Texture.hpp">
      <Filter>YTE\Graphics</Filter>
    </ClInclude>
    <ClInclude Include="Dependencies\gorilla\ga.h">
      <Filter>Dependencies\gorilla</Filter>
    </ClInclude>
    <ClInclude Include="Dependencies\gorilla\ga_internal.h">
      <Filter>Dependencies\gorilla</Filter>
    </ClInclude>
    <ClInclude Include="Dependencies\gorilla\gau.h">
      <Filter>Dependencies\gorilla</Filter>
    </ClInclude>
    <ClInclude Include="Dependencies\gorilla\common\gc_common.h">
      <Filter>Dependencies\gorilla\common</Filter>
    </ClInclude>
    <ClInclude Include="Dependencies\gorilla\common\gc_thread.h">
      <Filter>Dependencies\gorilla\common</Filter>
    </ClInclude>
    <ClInclude Include="Dependencies\gorilla\common\gc_types.h">
      <Filter>Dependencies\gorilla\common</Filter>
    </ClInclude>
    <ClInclude Include="Dependencies\gorilla\devices\ga_openal.h">
      <Filter>Dependencies\gorilla\devices</Filter>
    </ClInclude>
    <ClInclude Include="Dependencies\gorilla\devices\ga_xaudio2.h">
      <Filter>Dependencies\gorilla\devices</Filter>
    </ClInclude>
    <ClInclude Include="YTE\Core\Component.hpp">
      <Filter>YTE\Core</Filter>
    </ClInclude>
    <ClInclude Include="YTE\Core\Composition.hpp">
      <Filter>YTE\Core</Filter>
    </ClInclude>
    <ClInclude Include="YTE\Reflection\ReflectionSystem.hpp">
      <Filter>YTE\Reflection</Filter>
    </ClInclude>
    <ClInclude Include="YTE\Reflection\Type.hpp">
      <Filter>YTE\Reflection</Filter>
    </ClInclude>
    <ClInclude Include="YTE\Reflection\Reflectable.hpp">
      <Filter>YTE\Reflection</Filter>
    </ClInclude>
    <ClInclude Include="Dependencies\constexpr\cx_algorithm.h">
      <Filter>Dependencies\constexpr</Filter>
    </ClInclude>
    <ClInclude Include="Dependencies\constexpr\cx_array.h">
      <Filter>Dependencies\constexpr</Filter>
    </ClInclude>
    <ClInclude Include="Dependencies\constexpr\cx_counter.h">
      <Filter>Dependencies\constexpr</Filter>
    </ClInclude>
    <ClInclude Include="Dependencies\constexpr\cx_fnv1.h">
      <Filter>Dependencies\constexpr</Filter>
    </ClInclude>
    <ClInclude Include="Dependencies\constexpr\cx_guid.h">
      <Filter>Dependencies\constexpr</Filter>
    </ClInclude>
    <ClInclude Include="Dependencies\constexpr\cx_math.h">
      <Filter>Dependencies\constexpr</Filter>
    </ClInclude>
    <ClInclude Include="Dependencies\constexpr\cx_md5.h">
      <Filter>Dependencies\constexpr</Filter>
    </ClInclude>
    <ClInclude Include="Dependencies\constexpr\cx_murmur3.h">
      <Filter>Dependencies\constexpr</Filter>
    </ClInclude>
    <ClInclude Include="Dependencies\constexpr\cx_numeric.h">
      <Filter>Dependencies\constexpr</Filter>
    </ClInclude>
    <ClInclude Include="Dependencies\constexpr\cx_pcg32.h">
      <Filter>Dependencies\constexpr</Filter>
    </ClInclude>
    <ClInclude Include="Dependencies\constexpr\cx_sha256.h">
      <Filter>Dependencies\constexpr</Filter>
    </ClInclude>
    <ClInclude Include="Dependencies\constexpr\cx_strenc.h">
      <Filter>Dependencies\constexpr</Filter>
    </ClInclude>
    <ClInclude Include="Dependencies\constexpr\cx_typeid.h">
      <Filter>Dependencies\constexpr</Filter>
    </ClInclude>
    <ClInclude Include="Dependencies\constexpr\cx_utils.h">
      <Filter>Dependencies\constexpr</Filter>
    </ClInclude>
    <ClInclude Include="YTE\Core\EventHandler.hpp">
      <Filter>YTE\Core</Filter>
    </ClInclude>
    <ClInclude Include="YTE\DataStructures\IntrusiveList.hpp">
      <Filter>YTE\DataStructures</Filter>
    </ClInclude>
    <ClInclude Include="YTE\Audio\AudioSystem.hpp">
      <Filter>YTE\Audio</Filter>
    </ClInclude>
    <ClInclude Include="YTE\StandardLibrary\CompileTimeString.hpp">
      <Filter>YTE\StandardLibrary</Filter>
    </ClInclude>
    <ClInclude Include="YTE\Core\Interace.hpp">
      <Filter>YTE\Core</Filter>
    </ClInclude>
    <ClInclude Include="YTE\Core\Delegate.hpp">
      <Filter>YTE\Core</Filter>
    </ClInclude>
    <ClInclude Include="YTE\StandardLibrary\BlockAllocator.hpp">
      <Filter>YTE\DataStructures</Filter>
    </ClInclude>
    <ClInclude Include="YTE\Graphics\Shader.hpp">
      <Filter>YTE\Graphics</Filter>
    </ClInclude>
    <ClInclude Include="YTE\Graphics\ShaderDescriptions.hpp">
      <Filter>YTE\Graphics</Filter>
    </ClInclude>
    <ClInclude Include="YTE\Graphics\Instance.hpp">
      <Filter>YTE\Graphics</Filter>
    </ClInclude>
    <ClInclude Include="YTE\Graphics\ForwardDeclarations.hpp">
      <Filter>YTE\Graphics</Filter>
    </ClInclude>
    <ClInclude Include="YTE\Graphics\Model.hpp">
      <Filter>YTE\Graphics</Filter>
    </ClInclude>
    <ClInclude Include="YTE\Graphics\Material.hpp">
      <Filter>YTE\Graphics</Filter>
    </ClInclude>
  </ItemGroup>
  <ItemGroup>
    <None Include="Dependencies\glm\gtx\associated_min_max.inl">
      <Filter>Dependencies\glm\gtx</Filter>
    </None>
    <None Include="Dependencies\glm\gtx\bit.inl">
      <Filter>Dependencies\glm\gtx</Filter>
    </None>
    <None Include="Dependencies\glm\gtx\closest_point.inl">
      <Filter>Dependencies\glm\gtx</Filter>
    </None>
    <None Include="Dependencies\glm\gtx\color_space.inl">
      <Filter>Dependencies\glm\gtx</Filter>
    </None>
    <None Include="Dependencies\glm\gtx\color_space_YCoCg.inl">
      <Filter>Dependencies\glm\gtx</Filter>
    </None>
    <None Include="Dependencies\glm\gtx\common.inl">
      <Filter>Dependencies\glm\gtx</Filter>
    </None>
    <None Include="Dependencies\glm\gtx\compatibility.inl">
      <Filter>Dependencies\glm\gtx</Filter>
    </None>
    <None Include="Dependencies\glm\gtx\component_wise.inl">
      <Filter>Dependencies\glm\gtx</Filter>
    </None>
    <None Include="Dependencies\glm\gtx\dual_quaternion.inl">
      <Filter>Dependencies\glm\gtx</Filter>
    </None>
    <None Include="Dependencies\glm\gtx\euler_angles.inl">
      <Filter>Dependencies\glm\gtx</Filter>
    </None>
    <None Include="Dependencies\glm\gtx\extend.inl">
      <Filter>Dependencies\glm\gtx</Filter>
    </None>
    <None Include="Dependencies\glm\gtx\extented_min_max.inl">
      <Filter>Dependencies\glm\gtx</Filter>
    </None>
    <None Include="Dependencies\glm\gtx\fast_exponential.inl">
      <Filter>Dependencies\glm\gtx</Filter>
    </None>
    <None Include="Dependencies\glm\gtx\fast_square_root.inl">
      <Filter>Dependencies\glm\gtx</Filter>
    </None>
    <None Include="Dependencies\glm\gtx\fast_trigonometry.inl">
      <Filter>Dependencies\glm\gtx</Filter>
    </None>
    <None Include="Dependencies\glm\gtx\gradient_paint.inl">
      <Filter>Dependencies\glm\gtx</Filter>
    </None>
    <None Include="Dependencies\glm\gtx\handed_coordinate_space.inl">
      <Filter>Dependencies\glm\gtx</Filter>
    </None>
    <None Include="Dependencies\glm\gtx\hash.inl">
      <Filter>Dependencies\glm\gtx</Filter>
    </None>
    <None Include="Dependencies\glm\gtx\integer.inl">
      <Filter>Dependencies\glm\gtx</Filter>
    </None>
    <None Include="Dependencies\glm\gtx\intersect.inl">
      <Filter>Dependencies\glm\gtx</Filter>
    </None>
    <None Include="Dependencies\glm\gtx\io.inl">
      <Filter>Dependencies\glm\gtx</Filter>
    </None>
    <None Include="Dependencies\glm\gtx\log_base.inl">
      <Filter>Dependencies\glm\gtx</Filter>
    </None>
    <None Include="Dependencies\glm\gtx\matrix_cross_product.inl">
      <Filter>Dependencies\glm\gtx</Filter>
    </None>
    <None Include="Dependencies\glm\gtx\matrix_decompose.inl">
      <Filter>Dependencies\glm\gtx</Filter>
    </None>
    <None Include="Dependencies\glm\gtx\matrix_interpolation.inl">
      <Filter>Dependencies\glm\gtx</Filter>
    </None>
    <None Include="Dependencies\glm\gtx\matrix_major_storage.inl">
      <Filter>Dependencies\glm\gtx</Filter>
    </None>
    <None Include="Dependencies\glm\gtx\matrix_operation.inl">
      <Filter>Dependencies\glm\gtx</Filter>
    </None>
    <None Include="Dependencies\glm\gtx\matrix_query.inl">
      <Filter>Dependencies\glm\gtx</Filter>
    </None>
    <None Include="Dependencies\glm\gtx\matrix_transform_2d.inl">
      <Filter>Dependencies\glm\gtx</Filter>
    </None>
    <None Include="Dependencies\glm\gtx\mixed_product.inl">
      <Filter>Dependencies\glm\gtx</Filter>
    </None>
    <None Include="Dependencies\glm\gtx\norm.inl">
      <Filter>Dependencies\glm\gtx</Filter>
    </None>
    <None Include="Dependencies\glm\gtx\normal.inl">
      <Filter>Dependencies\glm\gtx</Filter>
    </None>
    <None Include="Dependencies\glm\gtx\normalize_dot.inl">
      <Filter>Dependencies\glm\gtx</Filter>
    </None>
    <None Include="Dependencies\glm\gtx\number_precision.inl">
      <Filter>Dependencies\glm\gtx</Filter>
    </None>
    <None Include="Dependencies\glm\gtx\optimum_pow.inl">
      <Filter>Dependencies\glm\gtx</Filter>
    </None>
    <None Include="Dependencies\glm\gtx\orthonormalize.inl">
      <Filter>Dependencies\glm\gtx</Filter>
    </None>
    <None Include="Dependencies\glm\gtx\perpendicular.inl">
      <Filter>Dependencies\glm\gtx</Filter>
    </None>
    <None Include="Dependencies\glm\gtx\polar_coordinates.inl">
      <Filter>Dependencies\glm\gtx</Filter>
    </None>
    <None Include="Dependencies\glm\gtx\projection.inl">
      <Filter>Dependencies\glm\gtx</Filter>
    </None>
    <None Include="Dependencies\glm\gtx\quaternion.inl">
      <Filter>Dependencies\glm\gtx</Filter>
    </None>
    <None Include="Dependencies\glm\gtx\raw_data.inl">
      <Filter>Dependencies\glm\gtx</Filter>
    </None>
    <None Include="Dependencies\glm\gtx\rotate_normalized_axis.inl">
      <Filter>Dependencies\glm\gtx</Filter>
    </None>
    <None Include="Dependencies\glm\gtx\rotate_vector.inl">
      <Filter>Dependencies\glm\gtx</Filter>
    </None>
    <None Include="Dependencies\glm\gtx\scalar_relational.inl">
      <Filter>Dependencies\glm\gtx</Filter>
    </None>
    <None Include="Dependencies\glm\gtx\simd_mat4.inl">
      <Filter>Dependencies\glm\gtx</Filter>
    </None>
    <None Include="Dependencies\glm\gtx\simd_quat.inl">
      <Filter>Dependencies\glm\gtx</Filter>
    </None>
    <None Include="Dependencies\glm\gtx\simd_vec4.inl">
      <Filter>Dependencies\glm\gtx</Filter>
    </None>
    <None Include="Dependencies\glm\gtx\spline.inl">
      <Filter>Dependencies\glm\gtx</Filter>
    </None>
    <None Include="Dependencies\glm\gtx\std_based_type.inl">
      <Filter>Dependencies\glm\gtx</Filter>
    </None>
    <None Include="Dependencies\glm\gtx\string_cast.inl">
      <Filter>Dependencies\glm\gtx</Filter>
    </None>
    <None Include="Dependencies\glm\gtx\transform.inl">
      <Filter>Dependencies\glm\gtx</Filter>
    </None>
    <None Include="Dependencies\glm\gtx\transform2.inl">
      <Filter>Dependencies\glm\gtx</Filter>
    </None>
    <None Include="Dependencies\glm\gtx\type_aligned.inl">
      <Filter>Dependencies\glm\gtx</Filter>
    </None>
    <None Include="Dependencies\glm\gtx\vector_angle.inl">
      <Filter>Dependencies\glm\gtx</Filter>
    </None>
    <None Include="Dependencies\glm\gtx\vector_query.inl">
      <Filter>Dependencies\glm\gtx</Filter>
    </None>
    <None Include="Dependencies\glm\gtx\wrap.inl">
      <Filter>Dependencies\glm\gtx</Filter>
    </None>
    <None Include="Dependencies\glm\gtc\bitfield.inl">
      <Filter>Dependencies\glm\gtc</Filter>
    </None>
    <None Include="Dependencies\glm\gtc\color_space.inl">
      <Filter>Dependencies\glm\gtc</Filter>
    </None>
    <None Include="Dependencies\glm\gtc\constants.inl">
      <Filter>Dependencies\glm\gtc</Filter>
    </None>
    <None Include="Dependencies\glm\gtc\epsilon.inl">
      <Filter>Dependencies\glm\gtc</Filter>
    </None>
    <None Include="Dependencies\glm\gtc\integer.inl">
      <Filter>Dependencies\glm\gtc</Filter>
    </None>
    <None Include="Dependencies\glm\gtc\matrix_access.inl">
      <Filter>Dependencies\glm\gtc</Filter>
    </None>
    <None Include="Dependencies\glm\gtc\matrix_inverse.inl">
      <Filter>Dependencies\glm\gtc</Filter>
    </None>
    <None Include="Dependencies\glm\gtc\matrix_transform.inl">
      <Filter>Dependencies\glm\gtc</Filter>
    </None>
    <None Include="Dependencies\glm\gtc\noise.inl">
      <Filter>Dependencies\glm\gtc</Filter>
    </None>
    <None Include="Dependencies\glm\gtc\packing.inl">
      <Filter>Dependencies\glm\gtc</Filter>
    </None>
    <None Include="Dependencies\glm\gtc\quaternion.inl">
      <Filter>Dependencies\glm\gtc</Filter>
    </None>
    <None Include="Dependencies\glm\gtc\random.inl">
      <Filter>Dependencies\glm\gtc</Filter>
    </None>
    <None Include="Dependencies\glm\gtc\reciprocal.inl">
      <Filter>Dependencies\glm\gtc</Filter>
    </None>
    <None Include="Dependencies\glm\gtc\round.inl">
      <Filter>Dependencies\glm\gtc</Filter>
    </None>
    <None Include="Dependencies\glm\gtc\type_precision.inl">
      <Filter>Dependencies\glm\gtc</Filter>
    </None>
    <None Include="Dependencies\glm\gtc\type_ptr.inl">
      <Filter>Dependencies\glm\gtc</Filter>
    </None>
    <None Include="Dependencies\glm\gtc\ulp.inl">
      <Filter>Dependencies\glm\gtc</Filter>
    </None>
    <None Include="Dependencies\glm\gtc\vec1.inl">
      <Filter>Dependencies\glm\gtc</Filter>
    </None>
    <None Include="Dependencies\glm\detail\func_common.inl">
      <Filter>Dependencies\glm\detail</Filter>
    </None>
    <None Include="Dependencies\glm\detail\func_exponential.inl">
      <Filter>Dependencies\glm\detail</Filter>
    </None>
    <None Include="Dependencies\glm\detail\func_geometric.inl">
      <Filter>Dependencies\glm\detail</Filter>
    </None>
    <None Include="Dependencies\glm\detail\func_integer.inl">
      <Filter>Dependencies\glm\detail</Filter>
    </None>
    <None Include="Dependencies\glm\detail\func_matrix.inl">
      <Filter>Dependencies\glm\detail</Filter>
    </None>
    <None Include="Dependencies\glm\detail\func_packing.inl">
      <Filter>Dependencies\glm\detail</Filter>
    </None>
    <None Include="Dependencies\glm\detail\func_trigonometric.inl">
      <Filter>Dependencies\glm\detail</Filter>
    </None>
    <None Include="Dependencies\glm\detail\func_vector_relational.inl">
      <Filter>Dependencies\glm\detail</Filter>
    </None>
    <None Include="Dependencies\glm\detail\intrinsic_common.inl">
      <Filter>Dependencies\glm\detail</Filter>
    </None>
    <None Include="Dependencies\glm\detail\intrinsic_exponential.inl">
      <Filter>Dependencies\glm\detail</Filter>
    </None>
    <None Include="Dependencies\glm\detail\intrinsic_geometric.inl">
      <Filter>Dependencies\glm\detail</Filter>
    </None>
    <None Include="Dependencies\glm\detail\intrinsic_integer.inl">
      <Filter>Dependencies\glm\detail</Filter>
    </None>
    <None Include="Dependencies\glm\detail\intrinsic_matrix.inl">
      <Filter>Dependencies\glm\detail</Filter>
    </None>
    <None Include="Dependencies\glm\detail\intrinsic_trigonometric.inl">
      <Filter>Dependencies\glm\detail</Filter>
    </None>
    <None Include="Dependencies\glm\detail\intrinsic_vector_relational.inl">
      <Filter>Dependencies\glm\detail</Filter>
    </None>
    <None Include="Dependencies\glm\detail\type_gentype.inl">
      <Filter>Dependencies\glm\detail</Filter>
    </None>
    <None Include="Dependencies\glm\detail\type_half.inl">
      <Filter>Dependencies\glm\detail</Filter>
    </None>
    <None Include="Dependencies\glm\detail\type_mat.inl">
      <Filter>Dependencies\glm\detail</Filter>
    </None>
    <None Include="Dependencies\glm\detail\type_mat2x2.inl">
      <Filter>Dependencies\glm\detail</Filter>
    </None>
    <None Include="Dependencies\glm\detail\type_mat2x3.inl">
      <Filter>Dependencies\glm\detail</Filter>
    </None>
    <None Include="Dependencies\glm\detail\type_mat2x4.inl">
      <Filter>Dependencies\glm\detail</Filter>
    </None>
    <None Include="Dependencies\glm\detail\type_mat3x2.inl">
      <Filter>Dependencies\glm\detail</Filter>
    </None>
    <None Include="Dependencies\glm\detail\type_mat3x3.inl">
      <Filter>Dependencies\glm\detail</Filter>
    </None>
    <None Include="Dependencies\glm\detail\type_mat3x4.inl">
      <Filter>Dependencies\glm\detail</Filter>
    </None>
    <None Include="Dependencies\glm\detail\type_mat4x2.inl">
      <Filter>Dependencies\glm\detail</Filter>
    </None>
    <None Include="Dependencies\glm\detail\type_mat4x3.inl">
      <Filter>Dependencies\glm\detail</Filter>
    </None>
    <None Include="Dependencies\glm\detail\type_mat4x4.inl">
      <Filter>Dependencies\glm\detail</Filter>
    </None>
    <None Include="Dependencies\glm\detail\type_vec.inl">
      <Filter>Dependencies\glm\detail</Filter>
    </None>
    <None Include="Dependencies\glm\detail\type_vec1.inl">
      <Filter>Dependencies\glm\detail</Filter>
    </None>
    <None Include="Dependencies\glm\detail\type_vec2.inl">
      <Filter>Dependencies\glm\detail</Filter>
    </None>
    <None Include="Dependencies\glm\detail\type_vec3.inl">
      <Filter>Dependencies\glm\detail</Filter>
    </None>
    <None Include="Dependencies\glm\detail\type_vec4.inl">
      <Filter>Dependencies\glm\detail</Filter>
    </None>
    <None Include="Dependencies\glm\detail\type_vec4_avx.inl">
      <Filter>Dependencies\glm\detail</Filter>
    </None>
    <None Include="Dependencies\glm\detail\type_vec4_avx2.inl">
      <Filter>Dependencies\glm\detail</Filter>
    </None>
    <None Include="Dependencies\glm\detail\type_vec4_sse2.inl">
      <Filter>Dependencies\glm\detail</Filter>
    </None>
  </ItemGroup>
</Project>